
Microsoft Visual Studio Solution File, Format Version 12.00
# Visual Studio Version 16
VisualStudioVersion = 16.0.31019.35
MinimumVisualStudioVersion = 10.0.40219.1
Project("{9A19103F-16F7-4668-BE54-9A1E7A4F7556}") = "ITToolTest", "ITToolTest.csproj", "{B4BFD7E2-9566-4831-A13B-F6B34F01BF63}"
EndProject
Global
	GlobalSection(SolutionConfigurationPlatforms) = preSolution
		Debug|Any CPU = Debug|Any CPU
		Release|Any CPU = Release|Any CPU
	EndGlobalSection
	GlobalSection(ProjectConfigurationPlatforms) = postSolution
		{B4BFD7E2-9566-4831-A13B-F6B34F01BF63}.Debug|Any CPU.ActiveCfg = Debug|Any CPU
		{B4BFD7E2-9566-4831-A13B-F6B34F01BF63}.Debug|Any CPU.Build.0 = Debug|Any CPU
		{B4BFD7E2-9566-4831-A13B-F6B34F01BF63}.Release|Any CPU.ActiveCfg = Release|Any CPU
		{B4BFD7E2-9566-4831-A13B-F6B34F01BF63}.Release|Any CPU.Build.0 = Release|Any CPU
	EndGlobalSection
	GlobalSection(SolutionProperties) = preSolution
		HideSolutionNode = FALSE
	EndGlobalSection
	GlobalSection(ExtensibilityGlobals) = postSolution
		SolutionGuid = {D52D4852-6F25-42FD-9C8A-6BA3A52FAE4D}
	EndGlobalSection
EndGlobal
